
Microsoft Visual Studio Solution File, Format Version 12.00
Project("{FAE04EC0-301F-11D3-BF4B-00C04F79EFBC}") = "Evercraft", "Evercraft\Evercraft.csproj", "{031B21E1-7390-4986-A38A-862D361C4473}"
EndProject
Project("{FAE04EC0-301F-11D3-BF4B-00C04F79EFBC}") = "Evercraft.Specs", "Evercraft.Specs\Evercraft.Specs.csproj", "{E8578C1A-44C8-4117-BFC1-1C77D72C1A98}"
EndProject
Global
	GlobalSection(SolutionConfigurationPlatforms) = preSolution
		Debug|Any CPU = Debug|Any CPU
		Release|Any CPU = Release|Any CPU
	EndGlobalSection
	GlobalSection(ProjectConfigurationPlatforms) = postSolution
		{031B21E1-7390-4986-A38A-862D361C4473}.Debug|Any CPU.ActiveCfg = Debug|Any CPU
		{031B21E1-7390-4986-A38A-862D361C4473}.Debug|Any CPU.Build.0 = Debug|Any CPU
		{031B21E1-7390-4986-A38A-862D361C4473}.Release|Any CPU.ActiveCfg = Release|Any CPU
		{031B21E1-7390-4986-A38A-862D361C4473}.Release|Any CPU.Build.0 = Release|Any CPU
		{E8578C1A-44C8-4117-BFC1-1C77D72C1A98}.Debug|Any CPU.ActiveCfg = Debug|Any CPU
		{E8578C1A-44C8-4117-BFC1-1C77D72C1A98}.Debug|Any CPU.Build.0 = Debug|Any CPU
		{E8578C1A-44C8-4117-BFC1-1C77D72C1A98}.Release|Any CPU.ActiveCfg = Release|Any CPU
		{E8578C1A-44C8-4117-BFC1-1C77D72C1A98}.Release|Any CPU.Build.0 = Release|Any CPU
	EndGlobalSection
EndGlobal
